
Microsoft Visual Studio Solution File, Format Version 12.00
# Visual Studio Version 16
VisualStudioVersion = 16.0.30503.244
MinimumVisualStudioVersion = 10.0.40219.1
Project("{FAE04EC0-301F-11D3-BF4B-00C04F79EFBC}") = "zadanie_rekrutacyjne", "zadanie_rekrutacyjne\zadanie_rekrutacyjne.csproj", "{CE8A5BC9-6DC1-4619-AD5D-BE32775328F0}"
EndProject
Global
	GlobalSection(SolutionConfigurationPlatforms) = preSolution
		Debug|Any CPU = Debug|Any CPU
		Release|Any CPU = Release|Any CPU
	EndGlobalSection
	GlobalSection(ProjectConfigurationPlatforms) = postSolution
		{CE8A5BC9-6DC1-4619-AD5D-BE32775328F0}.Debug|Any CPU.ActiveCfg = Debug|Any CPU
		{CE8A5BC9-6DC1-4619-AD5D-BE32775328F0}.Debug|Any CPU.Build.0 = Debug|Any CPU
		{CE8A5BC9-6DC1-4619-AD5D-BE32775328F0}.Release|Any CPU.ActiveCfg = Release|Any CPU
		{CE8A5BC9-6DC1-4619-AD5D-BE32775328F0}.Release|Any CPU.Build.0 = Release|Any CPU
	EndGlobalSection
	GlobalSection(SolutionProperties) = preSolution
		HideSolutionNode = FALSE
	EndGlobalSection
	GlobalSection(ExtensibilityGlobals) = postSolution
		SolutionGuid = {AE9D47FA-332D-4774-89CA-B809AC0B1C96}
	EndGlobalSection
EndGlobal
